
Microsoft Visual Studio Solution File, Format Version 12.00
# Visual Studio Version 16
VisualStudioVersion = 16.0.30907.101
MinimumVisualStudioVersion = 10.0.40219.1
Project("{2150E333-8FDC-42A3-9474-1A3956D46DE8}") = "API", "API", "{C42F70D7-90CF-4AA5-A44F-02EDABEC61D4}"
EndProject
Project("{FAE04EC0-301F-11D3-BF4B-00C04F79EFBC}") = "Ideas.WebApi", "Ideas.WebApi\Ideas.WebApi.csproj", "{9123C69D-A79F-471B-9916-9900896D689B}"
EndProject
Global
	GlobalSection(SolutionConfigurationPlatforms) = preSolution
		Debug|Any CPU = Debug|Any CPU
		Debug|iPhone = Debug|iPhone
		Debug|iPhoneSimulator = Debug|iPhoneSimulator
		Release|Any CPU = Release|Any CPU
		Release|iPhone = Release|iPhone
		Release|iPhoneSimulator = Release|iPhoneSimulator
	EndGlobalSection
	GlobalSection(ProjectConfigurationPlatforms) = postSolution
		{9123C69D-A79F-471B-9916-9900896D689B}.Debug|Any CPU.ActiveCfg = Debug|Any CPU
		{9123C69D-A79F-471B-9916-9900896D689B}.Debug|Any CPU.Build.0 = Debug|Any CPU
		{9123C69D-A79F-471B-9916-9900896D689B}.Debug|iPhone.ActiveCfg = Debug|Any CPU
		{9123C69D-A79F-471B-9916-9900896D689B}.Debug|iPhone.Build.0 = Debug|Any CPU
		{9123C69D-A79F-471B-9916-9900896D689B}.Debug|iPhoneSimulator.ActiveCfg = Debug|Any CPU
		{9123C69D-A79F-471B-9916-9900896D689B}.Debug|iPhoneSimulator.Build.0 = Debug|Any CPU
		{9123C69D-A79F-471B-9916-9900896D689B}.Release|Any CPU.ActiveCfg = Release|Any CPU
		{9123C69D-A79F-471B-9916-9900896D689B}.Release|Any CPU.Build.0 = Release|Any CPU
		{9123C69D-A79F-471B-9916-9900896D689B}.Release|iPhone.ActiveCfg = Release|Any CPU
		{9123C69D-A79F-471B-9916-9900896D689B}.Release|iPhone.Build.0 = Release|Any CPU
		{9123C69D-A79F-471B-9916-9900896D689B}.Release|iPhoneSimulator.ActiveCfg = Release|Any CPU
		{9123C69D-A79F-471B-9916-9900896D689B}.Release|iPhoneSimulator.Build.0 = Release|Any CPU
	EndGlobalSection
	GlobalSection(SolutionProperties) = preSolution
		HideSolutionNode = FALSE
	EndGlobalSection
	GlobalSection(NestedProjects) = preSolution
		{9123C69D-A79F-471B-9916-9900896D689B} = {C42F70D7-90CF-4AA5-A44F-02EDABEC61D4}
	EndGlobalSection
	GlobalSection(ExtensibilityGlobals) = postSolution
		SolutionGuid = {CAF0E9BF-4774-4B39-A1B9-0BDAAF90675B}
	EndGlobalSection
EndGlobal
